
Microsoft Visual Studio Solution File, Format Version 12.00
# Visual Studio Version 17
VisualStudioVersion = 17.9.34728.123
MinimumVisualStudioVersion = 10.0.40219.1
Project("{FAE04EC0-301F-11D3-BF4B-00C04F79EFBC}") = "MontoPantalones", "MontoPantalones\MontoPantalones.csproj", "{8AD7E2A5-044A-493A-85B1-A62E174D331D}"
EndProject
Global
	GlobalSection(SolutionConfigurationPlatforms) = preSolution
		Debug|Any CPU = Debug|Any CPU
		Release|Any CPU = Release|Any CPU
	EndGlobalSection
	GlobalSection(ProjectConfigurationPlatforms) = postSolution
		{8AD7E2A5-044A-493A-85B1-A62E174D331D}.Debug|Any CPU.ActiveCfg = Debug|Any CPU
		{8AD7E2A5-044A-493A-85B1-A62E174D331D}.Debug|Any CPU.Build.0 = Debug|Any CPU
		{8AD7E2A5-044A-493A-85B1-A62E174D331D}.Release|Any CPU.ActiveCfg = Release|Any CPU
		{8AD7E2A5-044A-493A-85B1-A62E174D331D}.Release|Any CPU.Build.0 = Release|Any CPU
	EndGlobalSection
	GlobalSection(SolutionProperties) = preSolution
		HideSolutionNode = FALSE
	EndGlobalSection
	GlobalSection(ExtensibilityGlobals) = postSolution
		SolutionGuid = {5C668094-9ACC-4D49-82D0-69957511FA56}
	EndGlobalSection
EndGlobal
